
Microsoft Visual Studio Solution File, Format Version 12.00
Project("{FAE04EC0-301F-11D3-BF4B-00C04F79EFBC}") = "RealCalculator", "RealCalculator\RealCalculator.csproj", "{35F763AC-7812-4E45-8100-ABFE1AF0675C}"
EndProject
Global
	GlobalSection(SolutionConfigurationPlatforms) = preSolution
		Debug|Any CPU = Debug|Any CPU
		Release|Any CPU = Release|Any CPU
	EndGlobalSection
	GlobalSection(ProjectConfigurationPlatforms) = postSolution
		{35F763AC-7812-4E45-8100-ABFE1AF0675C}.Debug|Any CPU.ActiveCfg = Debug|Any CPU
		{35F763AC-7812-4E45-8100-ABFE1AF0675C}.Debug|Any CPU.Build.0 = Debug|Any CPU
		{35F763AC-7812-4E45-8100-ABFE1AF0675C}.Release|Any CPU.ActiveCfg = Release|Any CPU
		{35F763AC-7812-4E45-8100-ABFE1AF0675C}.Release|Any CPU.Build.0 = Release|Any CPU
	EndGlobalSection
EndGlobal
